
Microsoft Visual Studio Solution File, Format Version 12.00
# Visual Studio Version 17
VisualStudioVersion = 17.0.31903.59
MinimumVisualStudioVersion = 10.0.40219.1
Project("{2150E333-8FDC-42A3-9474-1A3956D46DE8}") = "src", "src", "{741EAA69-A1EB-46F0-B11E-9C26FD7CC18C}"
EndProject
Project("{FAE04EC0-301F-11D3-BF4B-00C04F79EFBC}") = "TeaQL.Core", "src\TeaQL.Core\TeaQL.Core.csproj", "{BCC6E788-7925-4B6C-967C-8E429EDC0F30}"
EndProject
Project("{FAE04EC0-301F-11D3-BF4B-00C04F79EFBC}") = "TeaQL.DataService", "src\TeaQL.DataService\TeaQL.DataService.csproj", "{F5F3EC9B-58CF-4375-A325-ED77C4AEAC6F}"
EndProject
Project("{FAE04EC0-301F-11D3-BF4B-00C04F79EFBC}") = "TeaQL.Provider.MySql", "src\TeaQL.Provider.MySql\TeaQL.Provider.MySql.csproj", "{DEA7AA15-D21F-4FB2-9091-6E71D74A042D}"
EndProject
Project("{FAE04EC0-301F-11D3-BF4B-00C04F79EFBC}") = "TeaQL.Provider.PostgreSql", "src\TeaQL.Provider.PostgreSql\TeaQL.Provider.PostgreSql.csproj", "{F3FBEFEA-D6C7-4A82-A094-017F57940CB4}"
EndProject
Project("{FAE04EC0-301F-11D3-BF4B-00C04F79EFBC}") = "TeaQL.Provider.Sqlite", "src\TeaQL.Provider.Sqlite\TeaQL.Provider.Sqlite.csproj", "{D55407D4-7166-435F-B3C1-EF05C9FCF863}"
EndProject
Project("{FAE04EC0-301F-11D3-BF4B-00C04F79EFBC}") = "TeaQL.Runtime", "src\TeaQL.Runtime\TeaQL.Runtime.csproj", "{47A8A877-A38B-418C-AF55-97EE28C3EE05}"
EndProject
Project("{FAE04EC0-301F-11D3-BF4B-00C04F79EFBC}") = "TeaQL.Sql", "src\TeaQL.Sql\TeaQL.Sql.csproj", "{C3D5906C-D8A5-44B3-A876-AC5CEEEC5BA2}"
EndProject
Project("{FAE04EC0-301F-11D3-BF4B-00C04F79EFBC}") = "TeaQL.CacheIntegration.Redis", "src\TeaQL.CacheIntegration.Redis\TeaQL.CacheIntegration.Redis.csproj", "{1CC20F2D-DFDB-4BBF-8EB9-581133F96810}"
EndProject
Project("{FAE04EC0-301F-11D3-BF4B-00C04F79EFBC}") = "TeaQL.WebIntegration.AspNetCore", "src\TeaQL.WebIntegration.AspNetCore\TeaQL.WebIntegration.AspNetCore.csproj", "{F90C4815-31F1-4D64-86FA-21ABD6862B8B}"
EndProject
Project("{FAE04EC0-301F-11D3-BF4B-00C04F79EFBC}") = "TeaQL.Sql.Tests", "src\TeaQL.Sql.Tests\TeaQL.Sql.Tests.csproj", "{CA3836A7-8DF3-4349-8C10-92988C33C202}"
EndProject
Project("{FAE04EC0-301F-11D3-BF4B-00C04F79EFBC}") = "TeaQL.Runtime.Tests", "src\TeaQL.Runtime.Tests\TeaQL.Runtime.Tests.csproj", "{9380F92B-0BCC-4A7E-A14B-02F36238D3D3}"
EndProject
Project("{FAE04EC0-301F-11D3-BF4B-00C04F79EFBC}") = "TeaQL.DataService.Tests", "src\TeaQL.DataService.Tests\TeaQL.DataService.Tests.csproj", "{C266A461-C72B-4CB4-AD56-3D8B42F7C3CF}"
EndProject
Project("{FAE04EC0-301F-11D3-BF4B-00C04F79EFBC}") = "TeaQL.Provider.Sqlite.Tests", "src\TeaQL.Provider.Sqlite.Tests\TeaQL.Provider.Sqlite.Tests.csproj", "{A8353ADF-3631-4D9E-8008-01FA03F1C658}"
EndProject
Project("{FAE04EC0-301F-11D3-BF4B-00C04F79EFBC}") = "TeaQL.Provider.PostgreSql.Tests", "src\TeaQL.Provider.PostgreSql.Tests\TeaQL.Provider.PostgreSql.Tests.csproj", "{B9914D0A-12B4-44B8-9FE0-03939C15E97F}"
EndProject
Project("{FAE04EC0-301F-11D3-BF4B-00C04F79EFBC}") = "TeaQL.Provider.MySql.Tests", "src\TeaQL.Provider.MySql.Tests\TeaQL.Provider.MySql.Tests.csproj", "{02495F5A-FD85-4943-9264-6BF8EC6EC305}"
EndProject
Project("{FAE04EC0-301F-11D3-BF4B-00C04F79EFBC}") = "TeaQL.CacheIntegration.Redis.Tests", "src\TeaQL.CacheIntegration.Redis.Tests\TeaQL.CacheIntegration.Redis.Tests.csproj", "{2658BC55-8A7E-4F33-9BC3-EE6A43BDCE56}"
EndProject
Project("{FAE04EC0-301F-11D3-BF4B-00C04F79EFBC}") = "TeaQL.WebIntegration.AspNetCore.Tests", "src\TeaQL.WebIntegration.AspNetCore.Tests\TeaQL.WebIntegration.AspNetCore.Tests.csproj", "{0FA31B8B-5763-422A-8FCC-F619D505C63B}"
EndProject
Global
	GlobalSection(SolutionConfigurationPlatforms) = preSolution
		Debug|Any CPU = Debug|Any CPU
		Release|Any CPU = Release|Any CPU
	EndGlobalSection
	GlobalSection(SolutionProperties) = preSolution
		HideSolutionNode = FALSE
	EndGlobalSection
	GlobalSection(ProjectConfigurationPlatforms) = postSolution
		{BCC6E788-7925-4B6C-967C-8E429EDC0F30}.Debug|Any CPU.ActiveCfg = Debug|Any CPU
		{BCC6E788-7925-4B6C-967C-8E429EDC0F30}.Debug|Any CPU.Build.0 = Debug|Any CPU
		{BCC6E788-7925-4B6C-967C-8E429EDC0F30}.Release|Any CPU.ActiveCfg = Release|Any CPU
		{BCC6E788-7925-4B6C-967C-8E429EDC0F30}.Release|Any CPU.Build.0 = Release|Any CPU
		{F5F3EC9B-58CF-4375-A325-ED77C4AEAC6F}.Debug|Any CPU.ActiveCfg = Debug|Any CPU
		{F5F3EC9B-58CF-4375-A325-ED77C4AEAC6F}.Debug|Any CPU.Build.0 = Debug|Any CPU
		{F5F3EC9B-58CF-4375-A325-ED77C4AEAC6F}.Release|Any CPU.ActiveCfg = Release|Any CPU
		{F5F3EC9B-58CF-4375-A325-ED77C4AEAC6F}.Release|Any CPU.Build.0 = Release|Any CPU
		{DEA7AA15-D21F-4FB2-9091-6E71D74A042D}.Debug|Any CPU.ActiveCfg = Debug|Any CPU
		{DEA7AA15-D21F-4FB2-9091-6E71D74A042D}.Debug|Any CPU.Build.0 = Debug|Any CPU
		{DEA7AA15-D21F-4FB2-9091-6E71D74A042D}.Release|Any CPU.ActiveCfg = Release|Any CPU
		{DEA7AA15-D21F-4FB2-9091-6E71D74A042D}.Release|Any CPU.Build.0 = Release|Any CPU
		{F3FBEFEA-D6C7-4A82-A094-017F57940CB4}.Debug|Any CPU.ActiveCfg = Debug|Any CPU
		{F3FBEFEA-D6C7-4A82-A094-017F57940CB4}.Debug|Any CPU.Build.0 = Debug|Any CPU
		{F3FBEFEA-D6C7-4A82-A094-017F57940CB4}.Release|Any CPU.ActiveCfg = Release|Any CPU
		{F3FBEFEA-D6C7-4A82-A094-017F57940CB4}.Release|Any CPU.Build.0 = Release|Any CPU
		{D55407D4-7166-435F-B3C1-EF05C9FCF863}.Debug|Any CPU.ActiveCfg = Debug|Any CPU
		{D55407D4-7166-435F-B3C1-EF05C9FCF863}.Debug|Any CPU.Build.0 = Debug|Any CPU
		{D55407D4-7166-435F-B3C1-EF05C9FCF863}.Release|Any CPU.ActiveCfg = Release|Any CPU
		{D55407D4-7166-435F-B3C1-EF05C9FCF863}.Release|Any CPU.Build.0 = Release|Any CPU
		{47A8A877-A38B-418C-AF55-97EE28C3EE05}.Debug|Any CPU.ActiveCfg = Debug|Any CPU
		{47A8A877-A38B-418C-AF55-97EE28C3EE05}.Debug|Any CPU.Build.0 = Debug|Any CPU
		{47A8A877-A38B-418C-AF55-97EE28C3EE05}.Release|Any CPU.ActiveCfg = Release|Any CPU
		{47A8A877-A38B-418C-AF55-97EE28C3EE05}.Release|Any CPU.Build.0 = Release|Any CPU
		{C3D5906C-D8A5-44B3-A876-AC5CEEEC5BA2}.Debug|Any CPU.ActiveCfg = Debug|Any CPU
		{C3D5906C-D8A5-44B3-A876-AC5CEEEC5BA2}.Debug|Any CPU.Build.0 = Debug|Any CPU
		{C3D5906C-D8A5-44B3-A876-AC5CEEEC5BA2}.Release|Any CPU.ActiveCfg = Release|Any CPU
		{C3D5906C-D8A5-44B3-A876-AC5CEEEC5BA2}.Release|Any CPU.Build.0 = Release|Any CPU
		{1CC20F2D-DFDB-4BBF-8EB9-581133F96810}.Debug|Any CPU.ActiveCfg = Debug|Any CPU
		{1CC20F2D-DFDB-4BBF-8EB9-581133F96810}.Debug|Any CPU.Build.0 = Debug|Any CPU
		{1CC20F2D-DFDB-4BBF-8EB9-581133F96810}.Release|Any CPU.ActiveCfg = Release|Any CPU
		{1CC20F2D-DFDB-4BBF-8EB9-581133F96810}.Release|Any CPU.Build.0 = Release|Any CPU
		{F90C4815-31F1-4D64-86FA-21ABD6862B8B}.Debug|Any CPU.ActiveCfg = Debug|Any CPU
		{F90C4815-31F1-4D64-86FA-21ABD6862B8B}.Debug|Any CPU.Build.0 = Debug|Any CPU
		{F90C4815-31F1-4D64-86FA-21ABD6862B8B}.Release|Any CPU.ActiveCfg = Release|Any CPU
		{F90C4815-31F1-4D64-86FA-21ABD6862B8B}.Release|Any CPU.Build.0 = Release|Any CPU
		{CA3836A7-8DF3-4349-8C10-92988C33C202}.Debug|Any CPU.ActiveCfg = Debug|Any CPU
		{CA3836A7-8DF3-4349-8C10-92988C33C202}.Debug|Any CPU.Build.0 = Debug|Any CPU
		{CA3836A7-8DF3-4349-8C10-92988C33C202}.Release|Any CPU.ActiveCfg = Release|Any CPU
		{CA3836A7-8DF3-4349-8C10-92988C33C202}.Release|Any CPU.Build.0 = Release|Any CPU
		{9380F92B-0BCC-4A7E-A14B-02F36238D3D3}.Debug|Any CPU.ActiveCfg = Debug|Any CPU
		{9380F92B-0BCC-4A7E-A14B-02F36238D3D3}.Debug|Any CPU.Build.0 = Debug|Any CPU
		{9380F92B-0BCC-4A7E-A14B-02F36238D3D3}.Release|Any CPU.ActiveCfg = Release|Any CPU
		{9380F92B-0BCC-4A7E-A14B-02F36238D3D3}.Release|Any CPU.Build.0 = Release|Any CPU
		{C266A461-C72B-4CB4-AD56-3D8B42F7C3CF}.Debug|Any CPU.ActiveCfg = Debug|Any CPU
		{C266A461-C72B-4CB4-AD56-3D8B42F7C3CF}.Debug|Any CPU.Build.0 = Debug|Any CPU
		{C266A461-C72B-4CB4-AD56-3D8B42F7C3CF}.Release|Any CPU.ActiveCfg = Release|Any CPU
		{C266A461-C72B-4CB4-AD56-3D8B42F7C3CF}.Release|Any CPU.Build.0 = Release|Any CPU
		{A8353ADF-3631-4D9E-8008-01FA03F1C658}.Debug|Any CPU.ActiveCfg = Debug|Any CPU
		{A8353ADF-3631-4D9E-8008-01FA03F1C658}.Debug|Any CPU.Build.0 = Debug|Any CPU
		{A8353ADF-3631-4D9E-8008-01FA03F1C658}.Release|Any CPU.ActiveCfg = Release|Any CPU
		{A8353ADF-3631-4D9E-8008-01FA03F1C658}.Release|Any CPU.Build.0 = Release|Any CPU
		{B9914D0A-12B4-44B8-9FE0-03939C15E97F}.Debug|Any CPU.ActiveCfg = Debug|Any CPU
		{B9914D0A-12B4-44B8-9FE0-03939C15E97F}.Debug|Any CPU.Build.0 = Debug|Any CPU
		{B9914D0A-12B4-44B8-9FE0-03939C15E97F}.Release|Any CPU.ActiveCfg = Release|Any CPU
		{B9914D0A-12B4-44B8-9FE0-03939C15E97F}.Release|Any CPU.Build.0 = Release|Any CPU
		{02495F5A-FD85-4943-9264-6BF8EC6EC305}.Debug|Any CPU.ActiveCfg = Debug|Any CPU
		{02495F5A-FD85-4943-9264-6BF8EC6EC305}.Debug|Any CPU.Build.0 = Debug|Any CPU
		{02495F5A-FD85-4943-9264-6BF8EC6EC305}.Release|Any CPU.ActiveCfg = Release|Any CPU
		{02495F5A-FD85-4943-9264-6BF8EC6EC305}.Release|Any CPU.Build.0 = Release|Any CPU
		{2658BC55-8A7E-4F33-9BC3-EE6A43BDCE56}.Debug|Any CPU.ActiveCfg = Debug|Any CPU
		{2658BC55-8A7E-4F33-9BC3-EE6A43BDCE56}.Debug|Any CPU.Build.0 = Debug|Any CPU
		{2658BC55-8A7E-4F33-9BC3-EE6A43BDCE56}.Release|Any CPU.ActiveCfg = Release|Any CPU
		{2658BC55-8A7E-4F33-9BC3-EE6A43BDCE56}.Release|Any CPU.Build.0 = Release|Any CPU
		{0FA31B8B-5763-422A-8FCC-F619D505C63B}.Debug|Any CPU.ActiveCfg = Debug|Any CPU
		{0FA31B8B-5763-422A-8FCC-F619D505C63B}.Debug|Any CPU.Build.0 = Debug|Any CPU
		{0FA31B8B-5763-422A-8FCC-F619D505C63B}.Release|Any CPU.ActiveCfg = Release|Any CPU
		{0FA31B8B-5763-422A-8FCC-F619D505C63B}.Release|Any CPU.Build.0 = Release|Any CPU
	EndGlobalSection
	GlobalSection(NestedProjects) = preSolution
		{BCC6E788-7925-4B6C-967C-8E429EDC0F30} = {741EAA69-A1EB-46F0-B11E-9C26FD7CC18C}
		{F5F3EC9B-58CF-4375-A325-ED77C4AEAC6F} = {741EAA69-A1EB-46F0-B11E-9C26FD7CC18C}
		{DEA7AA15-D21F-4FB2-9091-6E71D74A042D} = {741EAA69-A1EB-46F0-B11E-9C26FD7CC18C}
		{F3FBEFEA-D6C7-4A82-A094-017F57940CB4} = {741EAA69-A1EB-46F0-B11E-9C26FD7CC18C}
		{D55407D4-7166-435F-B3C1-EF05C9FCF863} = {741EAA69-A1EB-46F0-B11E-9C26FD7CC18C}
		{47A8A877-A38B-418C-AF55-97EE28C3EE05} = {741EAA69-A1EB-46F0-B11E-9C26FD7CC18C}
		{C3D5906C-D8A5-44B3-A876-AC5CEEEC5BA2} = {741EAA69-A1EB-46F0-B11E-9C26FD7CC18C}
		{1CC20F2D-DFDB-4BBF-8EB9-581133F96810} = {741EAA69-A1EB-46F0-B11E-9C26FD7CC18C}
		{F90C4815-31F1-4D64-86FA-21ABD6862B8B} = {741EAA69-A1EB-46F0-B11E-9C26FD7CC18C}
		{CA3836A7-8DF3-4349-8C10-92988C33C202} = {741EAA69-A1EB-46F0-B11E-9C26FD7CC18C}
		{9380F92B-0BCC-4A7E-A14B-02F36238D3D3} = {741EAA69-A1EB-46F0-B11E-9C26FD7CC18C}
		{C266A461-C72B-4CB4-AD56-3D8B42F7C3CF} = {741EAA69-A1EB-46F0-B11E-9C26FD7CC18C}
		{A8353ADF-3631-4D9E-8008-01FA03F1C658} = {741EAA69-A1EB-46F0-B11E-9C26FD7CC18C}
		{B9914D0A-12B4-44B8-9FE0-03939C15E97F} = {741EAA69-A1EB-46F0-B11E-9C26FD7CC18C}
		{02495F5A-FD85-4943-9264-6BF8EC6EC305} = {741EAA69-A1EB-46F0-B11E-9C26FD7CC18C}
		{2658BC55-8A7E-4F33-9BC3-EE6A43BDCE56} = {741EAA69-A1EB-46F0-B11E-9C26FD7CC18C}
		{0FA31B8B-5763-422A-8FCC-F619D505C63B} = {741EAA69-A1EB-46F0-B11E-9C26FD7CC18C}
	EndGlobalSection
EndGlobal
